// !$*UTF8*$!
{
	archiveVersion = 1;
	classes = {
	};
	objectVersion = 77;
	objects = {

/* Begin PBXBuildFile section */
		623D90F42F24DBC000B22D77 /* FirebaseAILogic in Frameworks */ = {isa = PBXBuildFile; productRef = 623D90F32F24DBC000B22D77 /* FirebaseAILogic */; };
		62E9393D2F265A6200798FDE /* FirebaseAuth in Frameworks */ = {isa = PBXBuildFile; productRef = 62E9393C2F265A6200798FDE /* FirebaseAuth */; };
		62E9393F2F265A6200798FDE /* FirebaseCore in Frameworks */ = {isa = PBXBuildFile; productRef = 62E9393E2F265A6200798FDE /* FirebaseCore */; };
		62E9394B2F265EAB00798FDE /* GoogleSignIn in Frameworks */ = {isa = PBXBuildFile; productRef = 62E9394A2F265EAB00798FDE /* GoogleSignIn */; };
		62E9394D2F265EAB00798FDE /* GoogleSignInSwift in Frameworks */ = {isa = PBXBuildFile; productRef = 62E9394C2F265EAB00798FDE /* GoogleSignInSwift */; };
/* End PBXBuildFile section */

/* Begin PBXContainerItemProxy section */
		6240D43B2F25252A00DD96E1 /* PBXContainerItemProxy */ = {
			isa = PBXContainerItemProxy;
			containerPortal = 62D417182F229AFB004079AE /* Project object */;
			proxyType = 1;
			remoteGlobalIDString = 62D4171F2F229AFB004079AE;
			remoteInfo = AppForgeAI;
		};
/* End PBXContainerItemProxy section */

/* Begin PBXFileReference section */
		6240D4372F25252A00DD96E1 /* AppForgeAITests.xctest */ = {isa = PBXFileReference; explicitFileType = wrapper.cfbundle; includeInIndex = 0; path = AppForgeAITests.xctest; sourceTree = BUILT_PRODUCTS_DIR; };
		62D417202F229AFB004079AE /* AppForgeAI.app */ = {isa = PBXFileReference; explicitFileType = wrapper.application; includeInIndex = 0; path = AppForgeAI.app; sourceTree = BUILT_PRODUCTS_DIR; };
/* End PBXFileReference section */

/* Begin PBXFileSystemSynchronizedBuildFileExceptionSet section */
		62E939432F265C0100798FDE /* Exceptions for "AppForgeAI" folder in "AppForgeAI" target */ = {
			isa = PBXFileSystemSynchronizedBuildFileExceptionSet;
			membershipExceptions = (
				Info.plist,
			);
			target = 62D4171F2F229AFB004079AE /* AppForgeAI */;
		};
/* End PBXFileSystemSynchronizedBuildFileExceptionSet section */

/* Begin PBXFileSystemSynchronizedRootGroup section */
		6240D4382F25252A00DD96E1 /* AppForgeAITests */ = {
			isa = PBXFileSystemSynchronizedRootGroup;
			path = AppForgeAITests;
			sourceTree = "<group>";
		};
		62D417222F229AFB004079AE /* AppForgeAI */ = {
			isa = PBXFileSystemSynchronizedRootGroup;
			exceptions = (
				62E939432F265C0100798FDE /* Exceptions for "AppForgeAI" folder in "AppForgeAI" target */,
			);
			path = AppForgeAI;
			sourceTree = "<group>";
		};
/* End PBXFileSystemSynchronizedRootGroup section */

/* Begin PBXFrameworksBuildPhase section */
		6240D4342F25252A00DD96E1 /* Frameworks */ = {
			isa = PBXFrameworksBuildPhase;
			buildActionMask = 2147483647;
			files = (
			);
			runOnlyForDeploymentPostprocessing = 0;
		};
		62D4171D2F229AFB004079AE /* Frameworks */ = {
			isa = PBXFrameworksBuildPhase;
			buildActionMask = 2147483647;
			files = (
				62E9394D2F265EAB00798FDE /* GoogleSignInSwift in Frameworks */,
				623D90F42F24DBC000B22D77 /* FirebaseAILogic in Frameworks */,
				62E9394B2F265EAB00798FDE /* GoogleSignIn in Frameworks */,
				62E9393F2F265A6200798FDE /* FirebaseCore in Frameworks */,
				62E9393D2F265A6200798FDE /* FirebaseAuth in Frameworks */,
			);
			runOnlyForDeploymentPostprocessing = 0;
		};
/* End PBXFrameworksBuildPhase section */

/* Begin PBXGroup section */
		62D417172F229AFB004079AE = {
			isa = PBXGroup;
			children = (
				62D417222F229AFB004079AE /* AppForgeAI */,
				6240D4382F25252A00DD96E1 /* AppForgeAITests */,
				62E9393B2F265A6200798FDE /* Frameworks */,
				62D417212F229AFB004079AE /* Products */,
			);
			sourceTree = "<group>";
		};
		62D417212F229AFB004079AE /* Products */ = {
			isa = PBXGroup;
			children = (
				62D417202F229AFB004079AE /* AppForgeAI.app */,
				6240D4372F25252A00DD96E1 /* AppForgeAITests.xctest */,
			);
			name = Products;
			sourceTree = "<group>";
		};
		62E9393B2F265A6200798FDE /* Frameworks */ = {
			isa = PBXGroup;
			children = (
			);
			name = Frameworks;
			sourceTree = "<group>";
		};
/* End PBXGroup section */

/* Begin PBXNativeTarget section */
		6240D4362F25252A00DD96E1 /* AppForgeAITests */ = {
			isa = PBXNativeTarget;
			buildConfigurationList = 6240D43F2F25252A00DD96E1 /* Build configuration list for PBXNativeTarget "AppForgeAITests" */;
			buildPhases = (
				6240D4332F25252A00DD96E1 /* Sources */,
				6240D4342F25252A00DD96E1 /* Frameworks */,
				6240D4352F25252A00DD96E1 /* Resources */,
			);
			buildRules = (
			);
			dependencies = (
				6240D43C2F25252A00DD96E1 /* PBXTargetDependency */,
			);
			fileSystemSynchronizedGroups = (
				6240D4382F25252A00DD96E1 /* AppForgeAITests */,
			);
			name = AppForgeAITests;
			packageProductDependencies = (
			);
			productName = AppForgeAITests;
			productReference = 6240D4372F25252A00DD96E1 /* AppForgeAITests.xctest */;
			productType = "com.apple.product-type.bundle.unit-test";
		};
		62D4171F2F229AFB004079AE /* AppForgeAI */ = {
			isa = PBXNativeTarget;
			buildConfigurationList = 62D4172B2F229AFD004079AE /* Build configuration list for PBXNativeTarget "AppForgeAI" */;
			buildPhases = (
				62D4171C2F229AFB004079AE /* Sources */,
				62D4171D2F229AFB004079AE /* Frameworks */,
				62D4171E2F229AFB004079AE /* Resources */,
			);
			buildRules = (
			);
			dependencies = (
			);
			fileSystemSynchronizedGroups = (
				62D417222F229AFB004079AE /* AppForgeAI */,
			);
			name = AppForgeAI;
			packageProductDependencies = (
				623D90F32F24DBC000B22D77 /* FirebaseAILogic */,
				62E9393C2F265A6200798FDE /* FirebaseAuth */,
				62E9393E2F265A6200798FDE /* FirebaseCore */,
				62E9394A2F265EAB00798FDE /* GoogleSignIn */,
				62E9394C2F265EAB00798FDE /* GoogleSignInSwift */,
			);
			productName = AppForgeAI;
			productReference = 62D417202F229AFB004079AE /* AppForgeAI.app */;
			productType = "com.apple.product-type.application";
		};
/* End PBXNativeTarget section */

/* Begin PBXProject section */
		62D417182F229AFB004079AE /* Project object */ = {
			isa = PBXProject;
			attributes = {
				BuildIndependentTargetsInParallel = 1;
				LastSwiftUpdateCheck = 2620;
				LastUpgradeCheck = 2620;
				TargetAttributes = {
					6240D4362F25252A00DD96E1 = {
						CreatedOnToolsVersion = 26.2;
						TestTargetID = 62D4171F2F229AFB004079AE;
					};
					62D4171F2F229AFB004079AE = {
						CreatedOnToolsVersion = 26.2;
					};
				};
			};
			buildConfigurationList = 62D4171B2F229AFB004079AE /* Build configuration list for PBXProject "AppForgeAI" */;
			developmentRegion = en;
			hasScannedForEncodings = 0;
			knownRegions = (
				en,
				Base,
			);
			mainGroup = 62D417172F229AFB004079AE;
			minimizedProjectReferenceProxies = 1;
			packageReferences = (
				623D90F22F24DBC000B22D77 /* XCRemoteSwiftPackageReference "firebase-ios-sdk" */,
				62E939492F265EAB00798FDE /* XCRemoteSwiftPackageReference "GoogleSignIn-iOS" */,
			);
			preferredProjectObjectVersion = 77;
			productRefGroup = 62D417212F229AFB004079AE /* Products */;
			projectDirPath = "";
			projectRoot = "";
			targets = (
				62D4171F2F229AFB004079AE /* AppForgeAI */,
				6240D4362F25252A00DD96E1 /* AppForgeAITests */,
			);
		};
/* End PBXProject section */

/* Begin PBXResourcesBuildPhase section */
		6240D4352F25252A00DD96E1 /* Resources */ = {
			isa = PBXResourcesBuildPhase;
			buildActionMask = 2147483647;
			files = (
			);
			runOnlyForDeploymentPostprocessing = 0;
		};
		62D4171E2F229AFB004079AE /* Resources */ = {
			isa = PBXResourcesBuildPhase;
			buildActionMask = 2147483647;
			files = (
			);
			runOnlyForDeploymentPostprocessing = 0;
		};
/* End PBXResourcesBuildPhase section */

/* Begin PBXSourcesBuildPhase section */
		6240D4332F25252A00DD96E1 /* Sources */ = {
			isa = PBXSourcesBuildPhase;
			buildActionMask = 2147483647;
			files = (
			);
			runOnlyForDeploymentPostprocessing = 0;
		};
		62D4171C2F229AFB004079AE /* Sources */ = {
			isa = PBXSourcesBuildPhase;
			buildActionMask = 2147483647;
			files = (
			);
			runOnlyForDeploymentPostprocessing = 0;
		};
/* End PBXSourcesBuildPhase section */

/* Begin PBXTargetDependency section */
		6240D43C2F25252A00DD96E1 /* PBXTargetDependency */ = {
			isa = PBXTargetDependency;
			target = 62D4171F2F229AFB004079AE /* AppForgeAI */;
			targetProxy = 6240D43B2F25252A00DD96E1 /* PBXContainerItemProxy */;
		};
/* End PBXTargetDependency section */

/* Begin XCBuildConfiguration section */
		6240D43D2F25252A00DD96E1 /* Debug */ = {
			isa = XCBuildConfiguration;
			buildSettings = {
				BUNDLE_LOADER = "$(TEST_HOST)";
				CODE_SIGN_STYLE = Automatic;
				CURRENT_PROJECT_VERSION = 1;
				DEVELOPMENT_TEAM = 459XAM9CK6;
				GENERATE_INFOPLIST_FILE = YES;
				MARKETING_VERSION = 1.0;
				PRODUCT_BUNDLE_IDENTIFIER = com.salmanmhaskar.AppForgeAITests;
				PRODUCT_NAME = "$(TARGET_NAME)";
				STRING_CATALOG_GENERATE_SYMBOLS = NO;
				SWIFT_APPROACHABLE_CONCURRENCY = YES;
				SWIFT_EMIT_LOC_STRINGS = NO;
				SWIFT_UPCOMING_FEATURE_MEMBER_IMPORT_VISIBILITY = YES;
				SWIFT_VERSION = 5.0;
				TARGETED_DEVICE_FAMILY = "1,2";
				TEST_HOST = "$(BUILT_PRODUCTS_DIR)/AppForgeAI.app/$(BUNDLE_EXECUTABLE_FOLDER_PATH)/AppForgeAI";
			};
			name = Debug;
		};
		6240D43E2F25252A00DD96E1 /* Release */ = {
			isa = XCBuildConfiguration;
			buildSettings = {
				BUNDLE_LOADER = "$(TEST_HOST)";
				CODE_SIGN_STYLE = Automatic;
				CURRENT_PROJECT_VERSION = 1;
				DEVELOPMENT_TEAM = 459XAM9CK6;
				GENERATE_INFOPLIST_FILE = YES;
				MARKETING_VERSION = 1.0;
				PRODUCT_BUNDLE_IDENTIFIER = com.salmanmhaskar.AppForgeAITests;
				PRODUCT_NAME = "$(TARGET_NAME)";
				STRING_CATALOG_GENERATE_SYMBOLS = NO;
				SWIFT_APPROACHABLE_CONCURRENCY = YES;
				SWIFT_EMIT_LOC_STRINGS = NO;
				SWIFT_UPCOMING_FEATURE_MEMBER_IMPORT_VISIBILITY = YES;
				SWIFT_VERSION = 5.0;
				TARGETED_DEVICE_FAMILY = "1,2";
				TEST_HOST = "$(BUILT_PRODUCTS_DIR)/AppForgeAI.app/$(BUNDLE_EXECUTABLE_FOLDER_PATH)/AppForgeAI";
			};
			name = Release;
		};
		62D417292F229AFD004079AE /* Debug */ = {
			isa = XCBuildConfiguration;
			buildSettings = {
				ALWAYS_SEARCH_USER_PATHS = NO;
				ASSETCATALOG_COMPILER_GENERATE_SWIFT_ASSET_SYMBOL_EXTENSIONS = YES;
				CLANG_ANALYZER_NONNULL = YES;
				CLANG_ANALYZER_NUMBER_OBJECT_CONVERSION = YES_AGGRESSIVE;
				CLANG_CXX_LANGUAGE_STANDARD = "gnu++20";
				CLANG_ENABLE_MODULES = YES;
				CLANG_ENABLE_OBJC_ARC = YES;
				CLANG_ENABLE_OBJC_WEAK = YES;
				CLANG_WARN_BLOCK_CAPTURE_AUTORELEASING = YES;
				CLANG_WARN_BOOL_CONVERSION = YES;
				CLANG_WARN_COMMA = YES;
				CLANG_WARN_CONSTANT_CONVERSION = YES;
				CLANG_WARN_DEPRECATED_OBJC_IMPLEMENTATIONS = YES;
				CLANG_WARN_DIRECT_OBJC_ISA_USAGE = YES_ERROR;
				CLANG_WARN_DOCUMENTATION_COMMENTS = YES;
				CLANG_WARN_EMPTY_BODY = YES;
				CLANG_WARN_ENUM_CONVERSION = YES;
				CLANG_WARN_INFINITE_RECURSION = YES;
				CLANG_WARN_INT_CONVERSION = YES;
				CLANG_WARN_NON_LITERAL_NULL_CONVERSION = YES;
				CLANG_WARN_OBJC_IMPLICIT_RETAIN_SELF = YES;
				CLANG_WARN_OBJC_LITERAL_CONVERSION = YES;
				CLANG_WARN_OBJC_ROOT_CLASS = YES_ERROR;
				CLANG_WARN_QUOTED_INCLUDE_IN_FRAMEWORK_HEADER = YES;
				CLANG_WARN_RANGE_LOOP_ANALYSIS = YES;
				CLANG_WARN_STRICT_PROTOTYPES = YES;
				CLANG_WARN_SUSPICIOUS_MOVE = YES;
				CLANG_WARN_UNGUARDED_AVAILABILITY = YES_AGGRESSIVE;
				CLANG_WARN_UNREACHABLE_CODE = YES;
				CLANG_WARN__DUPLICATE_METHOD_MATCH = YES;
				COPY_PHASE_STRIP = NO;
				DEBUG_INFORMATION_FORMAT = dwarf;
				DEVELOPMENT_TEAM = 459XAM9CK6;
				ENABLE_STRICT_OBJC_MSGSEND = YES;
				ENABLE_TESTABILITY = YES;
				ENABLE_USER_SCRIPT_SANDBOXING = YES;
				GCC_C_LANGUAGE_STANDARD = gnu17;
				GCC_DYNAMIC_NO_PIC = NO;
				GCC_NO_COMMON_BLOCKS = YES;
				GCC_OPTIMIZATION_LEVEL = 0;
				GCC_PREPROCESSOR_DEFINITIONS = (
					"DEBUG=1",
					"$(inherited)",
				);
				GCC_WARN_64_TO_32_BIT_CONVERSION = YES;
				GCC_WARN_ABOUT_RETURN_TYPE = YES_ERROR;
				GCC_WARN_UNDECLARED_SELECTOR = YES;
				GCC_WARN_UNINITIALIZED_AUTOS = YES_AGGRESSIVE;
				GCC_WARN_UNUSED_FUNCTION = YES;
				GCC_WARN_UNUSED_VARIABLE = YES;
				IPHONEOS_DEPLOYMENT_TARGET = 26.2;
				LOCALIZATION_PREFERS_STRING_CATALOGS = YES;
				MTL_ENABLE_DEBUG_INFO = INCLUDE_SOURCE;
				MTL_FAST_MATH = YES;
				ONLY_ACTIVE_ARCH = YES;
				SDKROOT = iphoneos;
				SWIFT_ACTIVE_COMPILATION_CONDITIONS = "DEBUG $(inherited)";
				SWIFT_OPTIMIZATION_LEVEL = "-Onone";
			};
			name = Debug;
		};
		62D4172A2F229AFD004079AE /* Release */ = {
			isa = XCBuildConfiguration;
			buildSettings = {
				ALWAYS_SEARCH_USER_PATHS = NO;
				ASSETCATALOG_COMPILER_GENERATE_SWIFT_ASSET_SYMBOL_EXTENSIONS = YES;
				CLANG_ANALYZER_NONNULL = YES;
				CLANG_ANALYZER_NUMBER_OBJECT_CONVERSION = YES_AGGRESSIVE;
				CLANG_CXX_LANGUAGE_STANDARD = "gnu++20";
				CLANG_ENABLE_MODULES = YES;
				CLANG_ENABLE_OBJC_ARC = YES;
				CLANG_ENABLE_OBJC_WEAK = YES;
				CLANG_WARN_BLOCK_CAPTURE_AUTORELEASING = YES;
				CLANG_WARN_BOOL_CONVERSION = YES;
				CLANG_WARN_COMMA = YES;
				CLANG_WARN_CONSTANT_CONVERSION = YES;
				CLANG_WARN_DEPRECATED_OBJC_IMPLEMENTATIONS = YES;
				CLANG_WARN_DIRECT_OBJC_ISA_USAGE = YES_ERROR;
				CLANG_WARN_DOCUMENTATION_COMMENTS = YES;
				CLANG_WARN_EMPTY_BODY = YES;
				CLANG_WARN_ENUM_CONVERSION = YES;
				CLANG_WARN_INFINITE_RECURSION = YES;
				CLANG_WARN_INT_CONVERSION = YES;
				CLANG_WARN_NON_LITERAL_NULL_CONVERSION = YES;
				CLANG_WARN_OBJC_IMPLICIT_RETAIN_SELF = YES;
				CLANG_WARN_OBJC_LITERAL_CONVERSION = YES;
				CLANG_WARN_OBJC_ROOT_CLASS = YES_ERROR;
				CLANG_WARN_QUOTED_INCLUDE_IN_FRAMEWORK_HEADER = YES;
				CLANG_WARN_RANGE_LOOP_ANALYSIS = YES;
				CLANG_WARN_STRICT_PROTOTYPES = YES;
				CLANG_WARN_SUSPICIOUS_MOVE = YES;
				CLANG_WARN_UNGUARDED_AVAILABILITY = YES_AGGRESSIVE;
				CLANG_WARN_UNREACHABLE_CODE = YES;
				CLANG_WARN__DUPLICATE_METHOD_MATCH = YES;
				COPY_PHASE_STRIP = NO;
				DEBUG_INFORMATION_FORMAT = "dwarf-with-dsym";
				DEVELOPMENT_TEAM = 459XAM9CK6;
				ENABLE_NS_ASSERTIONS = NO;
				ENABLE_STRICT_OBJC_MSGSEND = YES;
				ENABLE_USER_SCRIPT_SANDBOXING = YES;
				GCC_C_LANGUAGE_STANDARD = gnu17;
				GCC_NO_COMMON_BLOCKS = YES;
				GCC_WARN_64_TO_32_BIT_CONVERSION = YES;
				GCC_WARN_ABOUT_RETURN_TYPE = YES_ERROR;
				GCC_WARN_UNDECLARED_SELECTOR = YES;
				GCC_WARN_UNINITIALIZED_AUTOS = YES_AGGRESSIVE;
				GCC_WARN_UNUSED_FUNCTION = YES;
				GCC_WARN_UNUSED_VARIABLE = YES;
				IPHONEOS_DEPLOYMENT_TARGET = 26.2;
				LOCALIZATION_PREFERS_STRING_CATALOGS = YES;
				MTL_ENABLE_DEBUG_INFO = NO;
				MTL_FAST_MATH = YES;
				SDKROOT = iphoneos;
				SWIFT_COMPILATION_MODE = wholemodule;
				VALIDATE_PRODUCT = YES;
			};
			name = Release;
		};
		62D4172C2F229AFD004079AE /* Debug */ = {
			isa = XCBuildConfiguration;
			buildSettings = {
				ASSETCATALOG_COMPILER_APPICON_NAME = AppIcon;
				ASSETCATALOG_COMPILER_GLOBAL_ACCENT_COLOR_NAME = AccentColor;
				CODE_SIGN_STYLE = Automatic;
				CURRENT_PROJECT_VERSION = 1;
				DEVELOPMENT_TEAM = 459XAM9CK6;
				ENABLE_PREVIEWS = YES;
				GENERATE_INFOPLIST_FILE = YES;
				INFOPLIST_FILE = AppForgeAI/Info.plist;
				INFOPLIST_KEY_UIApplicationSceneManifest_Generation = YES;
				INFOPLIST_KEY_UIApplicationSupportsIndirectInputEvents = YES;
				INFOPLIST_KEY_UILaunchScreen_Generation = YES;
				INFOPLIST_KEY_UISupportedInterfaceOrientations_iPad = "UIInterfaceOrientationPortrait UIInterfaceOrientationPortraitUpsideDown UIInterfaceOrientationLandscapeLeft UIInterfaceOrientationLandscapeRight";
				INFOPLIST_KEY_UISupportedInterfaceOrientations_iPhone = "UIInterfaceOrientationPortrait UIInterfaceOrientationLandscapeLeft UIInterfaceOrientationLandscapeRight";
				LD_RUNPATH_SEARCH_PATHS = (
					"$(inherited)",
					"@executable_path/Frameworks",
				);
				MARKETING_VERSION = 1.0;
				PRODUCT_BUNDLE_IDENTIFIER = com.salmanmhaskar.AppForgeAI;
				PRODUCT_NAME = "$(TARGET_NAME)";
				STRING_CATALOG_GENERATE_SYMBOLS = YES;
				SWIFT_APPROACHABLE_CONCURRENCY = YES;
				SWIFT_DEFAULT_ACTOR_ISOLATION = MainActor;
				SWIFT_EMIT_LOC_STRINGS = YES;
				SWIFT_UPCOMING_FEATURE_MEMBER_IMPORT_VISIBILITY = YES;
				SWIFT_VERSION = 5.0;
				TARGETED_DEVICE_FAMILY = "1,2";
			};
			name = Debug;
		};
		62D4172D2F229AFD004079AE /* Release */ = {
			isa = XCBuildConfiguration;
			buildSettings = {
				ASSETCATALOG_COMPILER_APPICON_NAME = AppIcon;
				ASSETCATALOG_COMPILER_GLOBAL_ACCENT_COLOR_NAME = AccentColor;
				CODE_SIGN_STYLE = Automatic;
				CURRENT_PROJECT_VERSION = 1;
				DEVELOPMENT_TEAM = 459XAM9CK6;
				ENABLE_PREVIEWS = YES;
				GENERATE_INFOPLIST_FILE = YES;
				INFOPLIST_FILE = AppForgeAI/Info.plist;
				INFOPLIST_KEY_UIApplicationSceneManifest_Generation = YES;
				INFOPLIST_KEY_UIApplicationSupportsIndirectInputEvents = YES;
				INFOPLIST_KEY_UILaunchScreen_Generation = YES;
				INFOPLIST_KEY_UISupportedInterfaceOrientations_iPad = "UIInterfaceOrientationPortrait UIInterfaceOrientationPortraitUpsideDown UIInterfaceOrientationLandscapeLeft UIInterfaceOrientationLandscapeRight";
				INFOPLIST_KEY_UISupportedInterfaceOrientations_iPhone = "UIInterfaceOrientationPortrait UIInterfaceOrientationLandscapeLeft UIInterfaceOrientationLandscapeRight";
				LD_RUNPATH_SEARCH_PATHS = (
					"$(inherited)",
					"@executable_path/Frameworks",
				);
				MARKETING_VERSION = 1.0;
				PRODUCT_BUNDLE_IDENTIFIER = com.salmanmhaskar.AppForgeAI;
				PRODUCT_NAME = "$(TARGET_NAME)";
				STRING_CATALOG_GENERATE_SYMBOLS = YES;
				SWIFT_APPROACHABLE_CONCURRENCY = YES;
				SWIFT_DEFAULT_ACTOR_ISOLATION = MainActor;
				SWIFT_EMIT_LOC_STRINGS = YES;
				SWIFT_UPCOMING_FEATURE_MEMBER_IMPORT_VISIBILITY = YES;
				SWIFT_VERSION = 5.0;
				TARGETED_DEVICE_FAMILY = "1,2";
			};
			name = Release;
		};
/* End XCBuildConfiguration section */

/* Begin XCConfigurationList section */
		6240D43F2F25252A00DD96E1 /* Build configuration list for PBXNativeTarget "AppForgeAITests" */ = {
			isa = XCConfigurationList;
			buildConfigurations = (
				6240D43D2F25252A00DD96E1 /* Debug */,
				6240D43E2F25252A00DD96E1 /* Release */,
			);
			defaultConfigurationIsVisible = 0;
			defaultConfigurationName = Release;
		};
		62D4171B2F229AFB004079AE /* Build configuration list for PBXProject "AppForgeAI" */ = {
			isa = XCConfigurationList;
			buildConfigurations = (
				62D417292F229AFD004079AE /* Debug */,
				62D4172A2F229AFD004079AE /* Release */,
			);
			defaultConfigurationIsVisible = 0;
			defaultConfigurationName = Release;
		};
		62D4172B2F229AFD004079AE /* Build configuration list for PBXNativeTarget "AppForgeAI" */ = {
			isa = XCConfigurationList;
			buildConfigurations = (
				62D4172C2F229AFD004079AE /* Debug */,
				62D4172D2F229AFD004079AE /* Release */,
			);
			defaultConfigurationIsVisible = 0;
			defaultConfigurationName = Release;
		};
/* End XCConfigurationList section */

/* Begin XCRemoteSwiftPackageReference section */
		623D90F22F24DBC000B22D77 /* XCRemoteSwiftPackageReference "firebase-ios-sdk" */ = {
			isa = XCRemoteSwiftPackageReference;
			repositoryURL = "https://github.com/firebase/firebase-ios-sdk";
			requirement = {
				kind = upToNextMajorVersion;
				minimumVersion = 12.8.0;
			};
		};
		62E939492F265EAB00798FDE /* XCRemoteSwiftPackageReference "GoogleSignIn-iOS" */ = {
			isa = XCRemoteSwiftPackageReference;
			repositoryURL = "https://github.com/google/GoogleSignIn-iOS";
			requirement = {
				kind = upToNextMajorVersion;
				minimumVersion = 9.1.0;
			};
		};
/* End XCRemoteSwiftPackageReference section */

/* Begin XCSwiftPackageProductDependency section */
		623D90F32F24DBC000B22D77 /* FirebaseAILogic */ = {
			isa = XCSwiftPackageProductDependency;
			package = 623D90F22F24DBC000B22D77 /* XCRemoteSwiftPackageReference "firebase-ios-sdk" */;
			productName = FirebaseAILogic;
		};
		62E9393C2F265A6200798FDE /* FirebaseAuth */ = {
			isa = XCSwiftPackageProductDependency;
			package = 623D90F22F24DBC000B22D77 /* XCRemoteSwiftPackageReference "firebase-ios-sdk" */;
			productName = FirebaseAuth;
		};
		62E9393E2F265A6200798FDE /* FirebaseCore */ = {
			isa = XCSwiftPackageProductDependency;
			package = 623D90F22F24DBC000B22D77 /* XCRemoteSwiftPackageReference "firebase-ios-sdk" */;
			productName = FirebaseCore;
		};
		62E9394A2F265EAB00798FDE /* GoogleSignIn */ = {
			isa = XCSwiftPackageProductDependency;
			package = 62E939492F265EAB00798FDE /* XCRemoteSwiftPackageReference "GoogleSignIn-iOS" */;
			productName = GoogleSignIn;
		};
		62E9394C2F265EAB00798FDE /* GoogleSignInSwift */ = {
			isa = XCSwiftPackageProductDependency;
			package = 62E939492F265EAB00798FDE /* XCRemoteSwiftPackageReference "GoogleSignIn-iOS" */;
			productName = GoogleSignInSwift;
		};
/* End XCSwiftPackageProductDependency section */
	};
	rootObject = 62D417182F229AFB004079AE /* Project object */;
}
